
Microsoft Visual Studio Solution File, Format Version 12.00
# Visual Studio Version 16
VisualStudioVersion = 16.0.30011.22
MinimumVisualStudioVersion = 10.0.40219.1
Project("{FAE04EC0-301F-11D3-BF4B-00C04F79EFBC}") = "SimpleATM", "SimpleATM\SimpleATM.csproj", "{F14C2191-51F6-463E-B6BE-2E9CEA2B4C6C}"
EndProject
Global
	GlobalSection(SolutionConfigurationPlatforms) = preSolution
		Debug|Any CPU = Debug|Any CPU
		Release|Any CPU = Release|Any CPU
	EndGlobalSection
	GlobalSection(ProjectConfigurationPlatforms) = postSolution
		{F14C2191-51F6-463E-B6BE-2E9CEA2B4C6C}.Debug|Any CPU.ActiveCfg = Debug|Any CPU
		{F14C2191-51F6-463E-B6BE-2E9CEA2B4C6C}.Debug|Any CPU.Build.0 = Debug|Any CPU
		{F14C2191-51F6-463E-B6BE-2E9CEA2B4C6C}.Release|Any CPU.ActiveCfg = Release|Any CPU
		{F14C2191-51F6-463E-B6BE-2E9CEA2B4C6C}.Release|Any CPU.Build.0 = Release|Any CPU
	EndGlobalSection
	GlobalSection(SolutionProperties) = preSolution
		HideSolutionNode = FALSE
	EndGlobalSection
	GlobalSection(ExtensibilityGlobals) = postSolution
		SolutionGuid = {2DFA2C90-2DEF-49F3-9B8F-7890D0CC993F}
	EndGlobalSection
EndGlobal
